
Microsoft Visual Studio Solution File, Format Version 12.00
# Visual Studio 15
VisualStudioVersion = 15.0.28307.572
MinimumVisualStudioVersion = 10.0.40219.1
Project("{FAE04EC0-301F-11D3-BF4B-00C04F79EFBC}") = "JqueryKullanimi", "JqueryKullanimi\JqueryKullanimi.csproj", "{75D8F9D8-2501-455C-8623-C08FFD35DE8A}"
EndProject
Global
	GlobalSection(SolutionConfigurationPlatforms) = preSolution
		Debug|Any CPU = Debug|Any CPU
		Release|Any CPU = Release|Any CPU
	EndGlobalSection
	GlobalSection(ProjectConfigurationPlatforms) = postSolution
		{75D8F9D8-2501-455C-8623-C08FFD35DE8A}.Debug|Any CPU.ActiveCfg = Debug|Any CPU
		{75D8F9D8-2501-455C-8623-C08FFD35DE8A}.Debug|Any CPU.Build.0 = Debug|Any CPU
		{75D8F9D8-2501-455C-8623-C08FFD35DE8A}.Release|Any CPU.ActiveCfg = Release|Any CPU
		{75D8F9D8-2501-455C-8623-C08FFD35DE8A}.Release|Any CPU.Build.0 = Release|Any CPU
	EndGlobalSection
	GlobalSection(SolutionProperties) = preSolution
		HideSolutionNode = FALSE
	EndGlobalSection
	GlobalSection(ExtensibilityGlobals) = postSolution
		SolutionGuid = {0CD4EF3C-9786-4DC5-9B7B-DB6B83A2A62D}
	EndGlobalSection
EndGlobal
